
Microsoft Visual Studio Solution File, Format Version 12.00
# Visual Studio 15
VisualStudioVersion = 15.0.27004.2005
MinimumVisualStudioVersion = 10.0.40219.1
Project("{FAE04EC0-301F-11D3-BF4B-00C04F79EFBC}") = "ClassDemo", "ClassDemo\ClassDemo.csproj", "{7B2F0A81-B5AC-4A32-A831-92E276CF7BE8}"
EndProject
Project("{FAE04EC0-301F-11D3-BF4B-00C04F79EFBC}") = "ERP.Project.Data", "ERP.Project.Data\ERP.Project.Data.csproj", "{0EB7D4B8-AE7E-4092-B91A-71B8B5195CCF}"
EndProject
Global
	GlobalSection(SolutionConfigurationPlatforms) = preSolution
		Debug|Any CPU = Debug|Any CPU
		Release|Any CPU = Release|Any CPU
	EndGlobalSection
	GlobalSection(ProjectConfigurationPlatforms) = postSolution
		{7B2F0A81-B5AC-4A32-A831-92E276CF7BE8}.Debug|Any CPU.ActiveCfg = Debug|Any CPU
		{7B2F0A81-B5AC-4A32-A831-92E276CF7BE8}.Debug|Any CPU.Build.0 = Debug|Any CPU
		{7B2F0A81-B5AC-4A32-A831-92E276CF7BE8}.Release|Any CPU.ActiveCfg = Release|Any CPU
		{7B2F0A81-B5AC-4A32-A831-92E276CF7BE8}.Release|Any CPU.Build.0 = Release|Any CPU
		{0EB7D4B8-AE7E-4092-B91A-71B8B5195CCF}.Debug|Any CPU.ActiveCfg = Debug|Any CPU
		{0EB7D4B8-AE7E-4092-B91A-71B8B5195CCF}.Debug|Any CPU.Build.0 = Debug|Any CPU
		{0EB7D4B8-AE7E-4092-B91A-71B8B5195CCF}.Release|Any CPU.ActiveCfg = Release|Any CPU
		{0EB7D4B8-AE7E-4092-B91A-71B8B5195CCF}.Release|Any CPU.Build.0 = Release|Any CPU
	EndGlobalSection
	GlobalSection(SolutionProperties) = preSolution
		HideSolutionNode = FALSE
	EndGlobalSection
	GlobalSection(ExtensibilityGlobals) = postSolution
		SolutionGuid = {09E3BF90-FC7A-4310-B7F6-14BBD4D8F48B}
	EndGlobalSection
EndGlobal
